
Microsoft Visual Studio Solution File, Format Version 12.00
# Visual Studio Version 16
VisualStudioVersion = 16.0.30711.63
MinimumVisualStudioVersion = 10.0.40219.1
Project("{FAE04EC0-301F-11D3-BF4B-00C04F79EFBC}") = "GridTutorial.Android", "GridTutorial\GridTutorial.Android\GridTutorial.Android.csproj", "{52EA6BBB-E772-4024-B5A8-6704DEC8725C}"
EndProject
Project("{FAE04EC0-301F-11D3-BF4B-00C04F79EFBC}") = "GridTutorial.iOS", "GridTutorial\GridTutorial.iOS\GridTutorial.iOS.csproj", "{87062821-20DE-4A67-82B9-C180B6B00FC5}"
EndProject
Project("{FAE04EC0-301F-11D3-BF4B-00C04F79EFBC}") = "GridTutorial", "GridTutorial\GridTutorial\GridTutorial.csproj", "{F62D2763-847F-4F82-A11E-72830B1F17B0}"
EndProject
Global
	GlobalSection(SolutionConfigurationPlatforms) = preSolution
		Debug|Any CPU = Debug|Any CPU
		Debug|iPhone = Debug|iPhone
		Debug|iPhoneSimulator = Debug|iPhoneSimulator
		Release|Any CPU = Release|Any CPU
		Release|iPhone = Release|iPhone
		Release|iPhoneSimulator = Release|iPhoneSimulator
	EndGlobalSection
	GlobalSection(ProjectConfigurationPlatforms) = postSolution
		{52EA6BBB-E772-4024-B5A8-6704DEC8725C}.Debug|Any CPU.ActiveCfg = Debug|Any CPU
		{52EA6BBB-E772-4024-B5A8-6704DEC8725C}.Debug|Any CPU.Build.0 = Debug|Any CPU
		{52EA6BBB-E772-4024-B5A8-6704DEC8725C}.Debug|Any CPU.Deploy.0 = Debug|Any CPU
		{52EA6BBB-E772-4024-B5A8-6704DEC8725C}.Debug|iPhone.ActiveCfg = Debug|Any CPU
		{52EA6BBB-E772-4024-B5A8-6704DEC8725C}.Debug|iPhone.Build.0 = Debug|Any CPU
		{52EA6BBB-E772-4024-B5A8-6704DEC8725C}.Debug|iPhone.Deploy.0 = Debug|Any CPU
		{52EA6BBB-E772-4024-B5A8-6704DEC8725C}.Debug|iPhoneSimulator.ActiveCfg = Debug|Any CPU
		{52EA6BBB-E772-4024-B5A8-6704DEC8725C}.Debug|iPhoneSimulator.Build.0 = Debug|Any CPU
		{52EA6BBB-E772-4024-B5A8-6704DEC8725C}.Debug|iPhoneSimulator.Deploy.0 = Debug|Any CPU
		{52EA6BBB-E772-4024-B5A8-6704DEC8725C}.Release|Any CPU.ActiveCfg = Release|Any CPU
		{52EA6BBB-E772-4024-B5A8-6704DEC8725C}.Release|Any CPU.Build.0 = Release|Any CPU
		{52EA6BBB-E772-4024-B5A8-6704DEC8725C}.Release|Any CPU.Deploy.0 = Release|Any CPU
		{52EA6BBB-E772-4024-B5A8-6704DEC8725C}.Release|iPhone.ActiveCfg = Release|Any CPU
		{52EA6BBB-E772-4024-B5A8-6704DEC8725C}.Release|iPhone.Build.0 = Release|Any CPU
		{52EA6BBB-E772-4024-B5A8-6704DEC8725C}.Release|iPhone.Deploy.0 = Release|Any CPU
		{52EA6BBB-E772-4024-B5A8-6704DEC8725C}.Release|iPhoneSimulator.ActiveCfg = Release|Any CPU
		{52EA6BBB-E772-4024-B5A8-6704DEC8725C}.Release|iPhoneSimulator.Build.0 = Release|Any CPU
		{52EA6BBB-E772-4024-B5A8-6704DEC8725C}.Release|iPhoneSimulator.Deploy.0 = Release|Any CPU
		{87062821-20DE-4A67-82B9-C180B6B00FC5}.Debug|Any CPU.ActiveCfg = Debug|iPhone
		{87062821-20DE-4A67-82B9-C180B6B00FC5}.Debug|Any CPU.Build.0 = Debug|iPhone
		{87062821-20DE-4A67-82B9-C180B6B00FC5}.Debug|Any CPU.Deploy.0 = Debug|iPhone
		{87062821-20DE-4A67-82B9-C180B6B00FC5}.Debug|iPhone.ActiveCfg = Debug|iPhone
		{87062821-20DE-4A67-82B9-C180B6B00FC5}.Debug|iPhone.Build.0 = Debug|iPhone
		{87062821-20DE-4A67-82B9-C180B6B00FC5}.Debug|iPhone.Deploy.0 = Debug|iPhone
		{87062821-20DE-4A67-82B9-C180B6B00FC5}.Debug|iPhoneSimulator.ActiveCfg = Debug|iPhoneSimulator
		{87062821-20DE-4A67-82B9-C180B6B00FC5}.Debug|iPhoneSimulator.Build.0 = Debug|iPhoneSimulator
		{87062821-20DE-4A67-82B9-C180B6B00FC5}.Debug|iPhoneSimulator.Deploy.0 = Debug|iPhoneSimulator
		{87062821-20DE-4A67-82B9-C180B6B00FC5}.Release|Any CPU.ActiveCfg = Release|iPhoneSimulator
		{87062821-20DE-4A67-82B9-C180B6B00FC5}.Release|Any CPU.Build.0 = Release|iPhoneSimulator
		{87062821-20DE-4A67-82B9-C180B6B00FC5}.Release|Any CPU.Deploy.0 = Release|iPhoneSimulator
		{87062821-20DE-4A67-82B9-C180B6B00FC5}.Release|iPhone.ActiveCfg = Release|iPhone
		{87062821-20DE-4A67-82B9-C180B6B00FC5}.Release|iPhone.Build.0 = Release|iPhone
		{87062821-20DE-4A67-82B9-C180B6B00FC5}.Release|iPhone.Deploy.0 = Release|iPhone
		{87062821-20DE-4A67-82B9-C180B6B00FC5}.Release|iPhoneSimulator.ActiveCfg = Release|iPhoneSimulator
		{87062821-20DE-4A67-82B9-C180B6B00FC5}.Release|iPhoneSimulator.Build.0 = Release|iPhoneSimulator
		{87062821-20DE-4A67-82B9-C180B6B00FC5}.Release|iPhoneSimulator.Deploy.0 = Release|iPhoneSimulator
		{F62D2763-847F-4F82-A11E-72830B1F17B0}.Debug|Any CPU.ActiveCfg = Debug|Any CPU
		{F62D2763-847F-4F82-A11E-72830B1F17B0}.Debug|Any CPU.Build.0 = Debug|Any CPU
		{F62D2763-847F-4F82-A11E-72830B1F17B0}.Debug|Any CPU.Deploy.0 = Debug|Any CPU
		{F62D2763-847F-4F82-A11E-72830B1F17B0}.Debug|iPhone.ActiveCfg = Debug|Any CPU
		{F62D2763-847F-4F82-A11E-72830B1F17B0}.Debug|iPhone.Build.0 = Debug|Any CPU
		{F62D2763-847F-4F82-A11E-72830B1F17B0}.Debug|iPhone.Deploy.0 = Debug|Any CPU
		{F62D2763-847F-4F82-A11E-72830B1F17B0}.Debug|iPhoneSimulator.ActiveCfg = Debug|Any CPU
		{F62D2763-847F-4F82-A11E-72830B1F17B0}.Debug|iPhoneSimulator.Build.0 = Debug|Any CPU
		{F62D2763-847F-4F82-A11E-72830B1F17B0}.Debug|iPhoneSimulator.Deploy.0 = Debug|Any CPU
		{F62D2763-847F-4F82-A11E-72830B1F17B0}.Release|Any CPU.ActiveCfg = Release|Any CPU
		{F62D2763-847F-4F82-A11E-72830B1F17B0}.Release|Any CPU.Build.0 = Release|Any CPU
		{F62D2763-847F-4F82-A11E-72830B1F17B0}.Release|Any CPU.Deploy.0 = Release|Any CPU
		{F62D2763-847F-4F82-A11E-72830B1F17B0}.Release|iPhone.ActiveCfg = Release|Any CPU
		{F62D2763-847F-4F82-A11E-72830B1F17B0}.Release|iPhone.Build.0 = Release|Any CPU
		{F62D2763-847F-4F82-A11E-72830B1F17B0}.Release|iPhone.Deploy.0 = Release|Any CPU
		{F62D2763-847F-4F82-A11E-72830B1F17B0}.Release|iPhoneSimulator.ActiveCfg = Release|Any CPU
		{F62D2763-847F-4F82-A11E-72830B1F17B0}.Release|iPhoneSimulator.Build.0 = Release|Any CPU
		{F62D2763-847F-4F82-A11E-72830B1F17B0}.Release|iPhoneSimulator.Deploy.0 = Release|Any CPU
	EndGlobalSection
	GlobalSection(SolutionProperties) = preSolution
		HideSolutionNode = FALSE
	EndGlobalSection
	GlobalSection(ExtensibilityGlobals) = postSolution
		SolutionGuid = {69741EB1-DBAA-4919-AF5A-C17AF48E42EC}
	EndGlobalSection
EndGlobal
