
Microsoft Visual Studio Solution File, Format Version 12.00
# Visual Studio Version 16
VisualStudioVersion = 16.0.30711.63
MinimumVisualStudioVersion = 10.0.40219.1
Project("{FAE04EC0-301F-11D3-BF4B-00C04F79EFBC}") = "ImageTutorial.Android", "ImageTutorial\ImageTutorial.Android\ImageTutorial.Android.csproj", "{5690DD66-69B5-42EE-87B6-5CD2194033FD}"
EndProject
Project("{FAE04EC0-301F-11D3-BF4B-00C04F79EFBC}") = "ImageTutorial.iOS", "ImageTutorial\ImageTutorial.iOS\ImageTutorial.iOS.csproj", "{5837F8D7-DC26-4458-AD5B-9EC0C695DA8E}"
EndProject
Project("{FAE04EC0-301F-11D3-BF4B-00C04F79EFBC}") = "ImageTutorial", "ImageTutorial\ImageTutorial\ImageTutorial.csproj", "{F55D93A4-5C61-419B-B3A3-5521D74117FD}"
EndProject
Global
	GlobalSection(SolutionConfigurationPlatforms) = preSolution
		Debug|Any CPU = Debug|Any CPU
		Debug|iPhone = Debug|iPhone
		Debug|iPhoneSimulator = Debug|iPhoneSimulator
		Release|Any CPU = Release|Any CPU
		Release|iPhone = Release|iPhone
		Release|iPhoneSimulator = Release|iPhoneSimulator
	EndGlobalSection
	GlobalSection(ProjectConfigurationPlatforms) = postSolution
		{5690DD66-69B5-42EE-87B6-5CD2194033FD}.Debug|Any CPU.ActiveCfg = Debug|Any CPU
		{5690DD66-69B5-42EE-87B6-5CD2194033FD}.Debug|Any CPU.Build.0 = Debug|Any CPU
		{5690DD66-69B5-42EE-87B6-5CD2194033FD}.Debug|Any CPU.Deploy.0 = Debug|Any CPU
		{5690DD66-69B5-42EE-87B6-5CD2194033FD}.Debug|iPhone.ActiveCfg = Debug|Any CPU
		{5690DD66-69B5-42EE-87B6-5CD2194033FD}.Debug|iPhone.Build.0 = Debug|Any CPU
		{5690DD66-69B5-42EE-87B6-5CD2194033FD}.Debug|iPhone.Deploy.0 = Debug|Any CPU
		{5690DD66-69B5-42EE-87B6-5CD2194033FD}.Debug|iPhoneSimulator.ActiveCfg = Debug|Any CPU
		{5690DD66-69B5-42EE-87B6-5CD2194033FD}.Debug|iPhoneSimulator.Build.0 = Debug|Any CPU
		{5690DD66-69B5-42EE-87B6-5CD2194033FD}.Debug|iPhoneSimulator.Deploy.0 = Debug|Any CPU
		{5690DD66-69B5-42EE-87B6-5CD2194033FD}.Release|Any CPU.ActiveCfg = Release|Any CPU
		{5690DD66-69B5-42EE-87B6-5CD2194033FD}.Release|Any CPU.Build.0 = Release|Any CPU
		{5690DD66-69B5-42EE-87B6-5CD2194033FD}.Release|Any CPU.Deploy.0 = Release|Any CPU
		{5690DD66-69B5-42EE-87B6-5CD2194033FD}.Release|iPhone.ActiveCfg = Release|Any CPU
		{5690DD66-69B5-42EE-87B6-5CD2194033FD}.Release|iPhone.Build.0 = Release|Any CPU
		{5690DD66-69B5-42EE-87B6-5CD2194033FD}.Release|iPhone.Deploy.0 = Release|Any CPU
		{5690DD66-69B5-42EE-87B6-5CD2194033FD}.Release|iPhoneSimulator.ActiveCfg = Release|Any CPU
		{5690DD66-69B5-42EE-87B6-5CD2194033FD}.Release|iPhoneSimulator.Build.0 = Release|Any CPU
		{5690DD66-69B5-42EE-87B6-5CD2194033FD}.Release|iPhoneSimulator.Deploy.0 = Release|Any CPU
		{5837F8D7-DC26-4458-AD5B-9EC0C695DA8E}.Debug|Any CPU.ActiveCfg = Debug|iPhone
		{5837F8D7-DC26-4458-AD5B-9EC0C695DA8E}.Debug|Any CPU.Build.0 = Debug|iPhone
		{5837F8D7-DC26-4458-AD5B-9EC0C695DA8E}.Debug|Any CPU.Deploy.0 = Debug|iPhone
		{5837F8D7-DC26-4458-AD5B-9EC0C695DA8E}.Debug|iPhone.ActiveCfg = Debug|iPhone
		{5837F8D7-DC26-4458-AD5B-9EC0C695DA8E}.Debug|iPhone.Build.0 = Debug|iPhone
		{5837F8D7-DC26-4458-AD5B-9EC0C695DA8E}.Debug|iPhone.Deploy.0 = Debug|iPhone
		{5837F8D7-DC26-4458-AD5B-9EC0C695DA8E}.Debug|iPhoneSimulator.ActiveCfg = Debug|iPhoneSimulator
		{5837F8D7-DC26-4458-AD5B-9EC0C695DA8E}.Debug|iPhoneSimulator.Build.0 = Debug|iPhoneSimulator
		{5837F8D7-DC26-4458-AD5B-9EC0C695DA8E}.Debug|iPhoneSimulator.Deploy.0 = Debug|iPhoneSimulator
		{5837F8D7-DC26-4458-AD5B-9EC0C695DA8E}.Release|Any CPU.ActiveCfg = Release|iPhoneSimulator
		{5837F8D7-DC26-4458-AD5B-9EC0C695DA8E}.Release|Any CPU.Build.0 = Release|iPhoneSimulator
		{5837F8D7-DC26-4458-AD5B-9EC0C695DA8E}.Release|Any CPU.Deploy.0 = Release|iPhoneSimulator
		{5837F8D7-DC26-4458-AD5B-9EC0C695DA8E}.Release|iPhone.ActiveCfg = Release|iPhone
		{5837F8D7-DC26-4458-AD5B-9EC0C695DA8E}.Release|iPhone.Build.0 = Release|iPhone
		{5837F8D7-DC26-4458-AD5B-9EC0C695DA8E}.Release|iPhone.Deploy.0 = Release|iPhone
		{5837F8D7-DC26-4458-AD5B-9EC0C695DA8E}.Release|iPhoneSimulator.ActiveCfg = Release|iPhoneSimulator
		{5837F8D7-DC26-4458-AD5B-9EC0C695DA8E}.Release|iPhoneSimulator.Build.0 = Release|iPhoneSimulator
		{5837F8D7-DC26-4458-AD5B-9EC0C695DA8E}.Release|iPhoneSimulator.Deploy.0 = Release|iPhoneSimulator
		{F55D93A4-5C61-419B-B3A3-5521D74117FD}.Debug|Any CPU.ActiveCfg = Debug|Any CPU
		{F55D93A4-5C61-419B-B3A3-5521D74117FD}.Debug|Any CPU.Build.0 = Debug|Any CPU
		{F55D93A4-5C61-419B-B3A3-5521D74117FD}.Debug|Any CPU.Deploy.0 = Debug|Any CPU
		{F55D93A4-5C61-419B-B3A3-5521D74117FD}.Debug|iPhone.ActiveCfg = Debug|Any CPU
		{F55D93A4-5C61-419B-B3A3-5521D74117FD}.Debug|iPhone.Build.0 = Debug|Any CPU
		{F55D93A4-5C61-419B-B3A3-5521D74117FD}.Debug|iPhone.Deploy.0 = Debug|Any CPU
		{F55D93A4-5C61-419B-B3A3-5521D74117FD}.Debug|iPhoneSimulator.ActiveCfg = Debug|Any CPU
		{F55D93A4-5C61-419B-B3A3-5521D74117FD}.Debug|iPhoneSimulator.Build.0 = Debug|Any CPU
		{F55D93A4-5C61-419B-B3A3-5521D74117FD}.Debug|iPhoneSimulator.Deploy.0 = Debug|Any CPU
		{F55D93A4-5C61-419B-B3A3-5521D74117FD}.Release|Any CPU.ActiveCfg = Release|Any CPU
		{F55D93A4-5C61-419B-B3A3-5521D74117FD}.Release|Any CPU.Build.0 = Release|Any CPU
		{F55D93A4-5C61-419B-B3A3-5521D74117FD}.Release|Any CPU.Deploy.0 = Release|Any CPU
		{F55D93A4-5C61-419B-B3A3-5521D74117FD}.Release|iPhone.ActiveCfg = Release|Any CPU
		{F55D93A4-5C61-419B-B3A3-5521D74117FD}.Release|iPhone.Build.0 = Release|Any CPU
		{F55D93A4-5C61-419B-B3A3-5521D74117FD}.Release|iPhone.Deploy.0 = Release|Any CPU
		{F55D93A4-5C61-419B-B3A3-5521D74117FD}.Release|iPhoneSimulator.ActiveCfg = Release|Any CPU
		{F55D93A4-5C61-419B-B3A3-5521D74117FD}.Release|iPhoneSimulator.Build.0 = Release|Any CPU
		{F55D93A4-5C61-419B-B3A3-5521D74117FD}.Release|iPhoneSimulator.Deploy.0 = Release|Any CPU
	EndGlobalSection
	GlobalSection(SolutionProperties) = preSolution
		HideSolutionNode = FALSE
	EndGlobalSection
	GlobalSection(ExtensibilityGlobals) = postSolution
		SolutionGuid = {87452DBE-D19D-4AA4-851B-662294F89F59}
	EndGlobalSection
EndGlobal
